
Microsoft Visual Studio Solution File, Format Version 12.00
# Visual Studio Version 17
VisualStudioVersion = 17.14.36804.6 d17.14
MinimumVisualStudioVersion = 10.0.40219.1
Project("{FAE04EC0-301F-11D3-BF4B-00C04F79EFBC}") = "Konsolowa", "Konsolowa\Konsolowa.csproj", "{F16DC113-264B-4778-8C9A-12B3B69229EA}"
EndProject
Global
	GlobalSection(SolutionConfigurationPlatforms) = preSolution
		Debug|Any CPU = Debug|Any CPU
		Release|Any CPU = Release|Any CPU
	EndGlobalSection
	GlobalSection(ProjectConfigurationPlatforms) = postSolution
		{F16DC113-264B-4778-8C9A-12B3B69229EA}.Debug|Any CPU.ActiveCfg = Debug|Any CPU
		{F16DC113-264B-4778-8C9A-12B3B69229EA}.Debug|Any CPU.Build.0 = Debug|Any CPU
		{F16DC113-264B-4778-8C9A-12B3B69229EA}.Release|Any CPU.ActiveCfg = Release|Any CPU
		{F16DC113-264B-4778-8C9A-12B3B69229EA}.Release|Any CPU.Build.0 = Release|Any CPU
	EndGlobalSection
	GlobalSection(SolutionProperties) = preSolution
		HideSolutionNode = FALSE
	EndGlobalSection
	GlobalSection(ExtensibilityGlobals) = postSolution
		SolutionGuid = {57898542-EC83-4BEE-BCE4-C6014E6E0E4B}
	EndGlobalSection
EndGlobal
