
Microsoft Visual Studio Solution File, Format Version 12.00
# Visual Studio Version 17
VisualStudioVersion = 17.14.36804.6 d17.14
MinimumVisualStudioVersion = 10.0.40219.1
Project("{FAE04EC0-301F-11D3-BF4B-00C04F79EFBC}") = "konsolowa", "konsolowa\konsolowa.csproj", "{C3CAE99C-F348-498C-A780-D4F39DD60F45}"
EndProject
Global
	GlobalSection(SolutionConfigurationPlatforms) = preSolution
		Debug|Any CPU = Debug|Any CPU
		Release|Any CPU = Release|Any CPU
	EndGlobalSection
	GlobalSection(ProjectConfigurationPlatforms) = postSolution
		{C3CAE99C-F348-498C-A780-D4F39DD60F45}.Debug|Any CPU.ActiveCfg = Debug|Any CPU
		{C3CAE99C-F348-498C-A780-D4F39DD60F45}.Debug|Any CPU.Build.0 = Debug|Any CPU
		{C3CAE99C-F348-498C-A780-D4F39DD60F45}.Release|Any CPU.ActiveCfg = Release|Any CPU
		{C3CAE99C-F348-498C-A780-D4F39DD60F45}.Release|Any CPU.Build.0 = Release|Any CPU
	EndGlobalSection
	GlobalSection(SolutionProperties) = preSolution
		HideSolutionNode = FALSE
	EndGlobalSection
	GlobalSection(ExtensibilityGlobals) = postSolution
		SolutionGuid = {E5C4E265-6AC0-45DA-9FB0-3D98435C4C6A}
	EndGlobalSection
EndGlobal
