
Microsoft Visual Studio Solution File, Format Version 12.00
# Visual Studio Version 17
VisualStudioVersion = 17.14.36804.6 d17.14
MinimumVisualStudioVersion = 10.0.40219.1
Project("{FAE04EC0-301F-11D3-BF4B-00C04F79EFBC}") = "RejestracjaMobilna", "RejestracjaMobilna\RejestracjaMobilna.csproj", "{CFF2F9C7-CE25-4EE5-AED0-62D0D3DCE564}"
EndProject
Global
	GlobalSection(SolutionConfigurationPlatforms) = preSolution
		Debug|Any CPU = Debug|Any CPU
		Release|Any CPU = Release|Any CPU
	EndGlobalSection
	GlobalSection(ProjectConfigurationPlatforms) = postSolution
		{CFF2F9C7-CE25-4EE5-AED0-62D0D3DCE564}.Debug|Any CPU.ActiveCfg = Debug|Any CPU
		{CFF2F9C7-CE25-4EE5-AED0-62D0D3DCE564}.Debug|Any CPU.Build.0 = Debug|Any CPU
		{CFF2F9C7-CE25-4EE5-AED0-62D0D3DCE564}.Release|Any CPU.ActiveCfg = Release|Any CPU
		{CFF2F9C7-CE25-4EE5-AED0-62D0D3DCE564}.Release|Any CPU.Build.0 = Release|Any CPU
	EndGlobalSection
	GlobalSection(SolutionProperties) = preSolution
		HideSolutionNode = FALSE
	EndGlobalSection
	GlobalSection(ExtensibilityGlobals) = postSolution
		SolutionGuid = {D4A71E15-FD28-47ED-89B3-93B08ABDEF28}
	EndGlobalSection
EndGlobal
