
Microsoft Visual Studio Solution File, Format Version 12.00
# Visual Studio Version 17
VisualStudioVersion = 17.14.36804.6 d17.14
MinimumVisualStudioVersion = 10.0.40219.1
Project("{FAE04EC0-301F-11D3-BF4B-00C04F79EFBC}") = "Desktopowa", "Desktopowa\Desktopowa.csproj", "{8C7BCFCD-1F6E-4528-8210-06B25A860C2E}"
EndProject
Global
	GlobalSection(SolutionConfigurationPlatforms) = preSolution
		Debug|Any CPU = Debug|Any CPU
		Release|Any CPU = Release|Any CPU
	EndGlobalSection
	GlobalSection(ProjectConfigurationPlatforms) = postSolution
		{8C7BCFCD-1F6E-4528-8210-06B25A860C2E}.Debug|Any CPU.ActiveCfg = Debug|Any CPU
		{8C7BCFCD-1F6E-4528-8210-06B25A860C2E}.Debug|Any CPU.Build.0 = Debug|Any CPU
		{8C7BCFCD-1F6E-4528-8210-06B25A860C2E}.Release|Any CPU.ActiveCfg = Release|Any CPU
		{8C7BCFCD-1F6E-4528-8210-06B25A860C2E}.Release|Any CPU.Build.0 = Release|Any CPU
	EndGlobalSection
	GlobalSection(SolutionProperties) = preSolution
		HideSolutionNode = FALSE
	EndGlobalSection
	GlobalSection(ExtensibilityGlobals) = postSolution
		SolutionGuid = {660AD62A-4981-4669-BCF0-AE1E417C0FCF}
	EndGlobalSection
EndGlobal
