
Microsoft Visual Studio Solution File, Format Version 12.00
# Visual Studio Version 17
VisualStudioVersion = 17.14.36804.6 d17.14
MinimumVisualStudioVersion = 10.0.40219.1
Project("{FAE04EC0-301F-11D3-BF4B-00C04F79EFBC}") = "Desktopowa", "Desktopowa\Desktopowa.csproj", "{D271686C-F476-4926-B3E3-00B3A224E15F}"
EndProject
Global
	GlobalSection(SolutionConfigurationPlatforms) = preSolution
		Debug|Any CPU = Debug|Any CPU
		Release|Any CPU = Release|Any CPU
	EndGlobalSection
	GlobalSection(ProjectConfigurationPlatforms) = postSolution
		{D271686C-F476-4926-B3E3-00B3A224E15F}.Debug|Any CPU.ActiveCfg = Debug|Any CPU
		{D271686C-F476-4926-B3E3-00B3A224E15F}.Debug|Any CPU.Build.0 = Debug|Any CPU
		{D271686C-F476-4926-B3E3-00B3A224E15F}.Release|Any CPU.ActiveCfg = Release|Any CPU
		{D271686C-F476-4926-B3E3-00B3A224E15F}.Release|Any CPU.Build.0 = Release|Any CPU
	EndGlobalSection
	GlobalSection(SolutionProperties) = preSolution
		HideSolutionNode = FALSE
	EndGlobalSection
	GlobalSection(ExtensibilityGlobals) = postSolution
		SolutionGuid = {811E7523-7504-4484-AC1E-11C410041A3A}
	EndGlobalSection
EndGlobal
